
Microsoft Visual Studio Solution File, Format Version 12.00
# Visual Studio Version 17
VisualStudioVersion = 17.8.34511.84
MinimumVisualStudioVersion = 10.0.40219.1
Project("{9A19103F-16F7-4668-BE54-9A1E7A4F7556}") = "N5Challenge.WebApi.Data", "N5Challenge.WebApi.Data\N5Challenge.WebApi.Data.csproj", "{79BA5D59-79E7-475F-9373-BB745609243A}"
EndProject
Project("{9A19103F-16F7-4668-BE54-9A1E7A4F7556}") = "N5Challenge.WebApi.Models", "N5Challenge.WebApi.Models\N5Challenge.WebApi.Models.csproj", "{5855CE15-D797-4FC5-8F64-0FF000F5EEBC}"
EndProject
Project("{9A19103F-16F7-4668-BE54-9A1E7A4F7556}") = "N5Challenge.WebApi", "N5Challenge.WebApi\N5Challenge.WebApi.csproj", "{60C273F7-2081-45EE-BCCA-0916B1D07B46}"
EndProject
Project("{9A19103F-16F7-4668-BE54-9A1E7A4F7556}") = "N5Challenge.WebApi.Services", "N5Challenge.Services\N5Challenge.WebApi.Services.csproj", "{F1F08AA2-2F61-493C-A844-BA4D169D99CE}"
EndProject
Project("{FAE04EC0-301F-11D3-BF4B-00C04F79EFBC}") = "N5Challenge.UnitTests", "N5Challenge.UnitTests\N5Challenge.UnitTests.csproj", "{C98B038E-9C57-49B7-82C6-89C0D5D58BBC}"
EndProject
Global
	GlobalSection(SolutionConfigurationPlatforms) = preSolution
		Debug|Any CPU = Debug|Any CPU
		Release|Any CPU = Release|Any CPU
	EndGlobalSection
	GlobalSection(ProjectConfigurationPlatforms) = postSolution
		{79BA5D59-79E7-475F-9373-BB745609243A}.Debug|Any CPU.ActiveCfg = Debug|Any CPU
		{79BA5D59-79E7-475F-9373-BB745609243A}.Debug|Any CPU.Build.0 = Debug|Any CPU
		{79BA5D59-79E7-475F-9373-BB745609243A}.Release|Any CPU.ActiveCfg = Release|Any CPU
		{79BA5D59-79E7-475F-9373-BB745609243A}.Release|Any CPU.Build.0 = Release|Any CPU
		{5855CE15-D797-4FC5-8F64-0FF000F5EEBC}.Debug|Any CPU.ActiveCfg = Debug|Any CPU
		{5855CE15-D797-4FC5-8F64-0FF000F5EEBC}.Debug|Any CPU.Build.0 = Debug|Any CPU
		{5855CE15-D797-4FC5-8F64-0FF000F5EEBC}.Release|Any CPU.ActiveCfg = Release|Any CPU
		{5855CE15-D797-4FC5-8F64-0FF000F5EEBC}.Release|Any CPU.Build.0 = Release|Any CPU
		{60C273F7-2081-45EE-BCCA-0916B1D07B46}.Debug|Any CPU.ActiveCfg = Debug|Any CPU
		{60C273F7-2081-45EE-BCCA-0916B1D07B46}.Debug|Any CPU.Build.0 = Debug|Any CPU
		{60C273F7-2081-45EE-BCCA-0916B1D07B46}.Release|Any CPU.ActiveCfg = Release|Any CPU
		{60C273F7-2081-45EE-BCCA-0916B1D07B46}.Release|Any CPU.Build.0 = Release|Any CPU
		{F1F08AA2-2F61-493C-A844-BA4D169D99CE}.Debug|Any CPU.ActiveCfg = Debug|Any CPU
		{F1F08AA2-2F61-493C-A844-BA4D169D99CE}.Debug|Any CPU.Build.0 = Debug|Any CPU
		{F1F08AA2-2F61-493C-A844-BA4D169D99CE}.Release|Any CPU.ActiveCfg = Release|Any CPU
		{F1F08AA2-2F61-493C-A844-BA4D169D99CE}.Release|Any CPU.Build.0 = Release|Any CPU
		{C98B038E-9C57-49B7-82C6-89C0D5D58BBC}.Debug|Any CPU.ActiveCfg = Debug|Any CPU
		{C98B038E-9C57-49B7-82C6-89C0D5D58BBC}.Debug|Any CPU.Build.0 = Debug|Any CPU
		{C98B038E-9C57-49B7-82C6-89C0D5D58BBC}.Release|Any CPU.ActiveCfg = Release|Any CPU
		{C98B038E-9C57-49B7-82C6-89C0D5D58BBC}.Release|Any CPU.Build.0 = Release|Any CPU
	EndGlobalSection
	GlobalSection(SolutionProperties) = preSolution
		HideSolutionNode = FALSE
	EndGlobalSection
	GlobalSection(ExtensibilityGlobals) = postSolution
		SolutionGuid = {7C0168D9-B01A-43F1-A072-64EDAE9BCCB6}
	EndGlobalSection
EndGlobal
